
Microsoft Visual Studio Solution File, Format Version 11.00
# Visual Studio 2010
Project("{FAE04EC0-301F-11D3-BF4B-00C04F79EFBC}") = "Audimat", "Audimat\Audimat.csproj", "{D7CAB3D8-C56A-45EC-AA2E-C969FC42DED5}"
EndProject
Project("{8BC9CEB8-8B4A-11D0-8D11-00A0C91BC942}") = "Vashti", "Audimat\VST\Vashti.vcxproj", "{65308D46-E4AB-4B73-9254-B97BBF309E66}"
EndProject
Global
	GlobalSection(SolutionConfigurationPlatforms) = preSolution
		Debug|Mixed Platforms = Debug|Mixed Platforms
		Debug|Win32 = Debug|Win32
		Debug|x86 = Debug|x86
		Release|Mixed Platforms = Release|Mixed Platforms
		Release|Win32 = Release|Win32
		Release|x86 = Release|x86
	EndGlobalSection
	GlobalSection(ProjectConfigurationPlatforms) = postSolution
		{D7CAB3D8-C56A-45EC-AA2E-C969FC42DED5}.Debug|Mixed Platforms.ActiveCfg = Debug|x86
		{D7CAB3D8-C56A-45EC-AA2E-C969FC42DED5}.Debug|Mixed Platforms.Build.0 = Debug|x86
		{D7CAB3D8-C56A-45EC-AA2E-C969FC42DED5}.Debug|Win32.ActiveCfg = Debug|x86
		{D7CAB3D8-C56A-45EC-AA2E-C969FC42DED5}.Debug|x86.ActiveCfg = Debug|x86
		{D7CAB3D8-C56A-45EC-AA2E-C969FC42DED5}.Debug|x86.Build.0 = Debug|x86
		{D7CAB3D8-C56A-45EC-AA2E-C969FC42DED5}.Release|Mixed Platforms.ActiveCfg = Release|x86
		{D7CAB3D8-C56A-45EC-AA2E-C969FC42DED5}.Release|Mixed Platforms.Build.0 = Release|x86
		{D7CAB3D8-C56A-45EC-AA2E-C969FC42DED5}.Release|Win32.ActiveCfg = Release|x86
		{D7CAB3D8-C56A-45EC-AA2E-C969FC42DED5}.Release|x86.ActiveCfg = Release|x86
		{D7CAB3D8-C56A-45EC-AA2E-C969FC42DED5}.Release|x86.Build.0 = Release|x86
		{65308D46-E4AB-4B73-9254-B97BBF309E66}.Debug|Mixed Platforms.ActiveCfg = Debug|Win32
		{65308D46-E4AB-4B73-9254-B97BBF309E66}.Debug|Mixed Platforms.Build.0 = Debug|Win32
		{65308D46-E4AB-4B73-9254-B97BBF309E66}.Debug|Win32.ActiveCfg = Debug|Win32
		{65308D46-E4AB-4B73-9254-B97BBF309E66}.Debug|Win32.Build.0 = Debug|Win32
		{65308D46-E4AB-4B73-9254-B97BBF309E66}.Debug|x86.ActiveCfg = Debug|Win32
		{65308D46-E4AB-4B73-9254-B97BBF309E66}.Release|Mixed Platforms.ActiveCfg = Release|Win32
		{65308D46-E4AB-4B73-9254-B97BBF309E66}.Release|Mixed Platforms.Build.0 = Release|Win32
		{65308D46-E4AB-4B73-9254-B97BBF309E66}.Release|Win32.ActiveCfg = Release|Win32
		{65308D46-E4AB-4B73-9254-B97BBF309E66}.Release|Win32.Build.0 = Release|Win32
		{65308D46-E4AB-4B73-9254-B97BBF309E66}.Release|x86.ActiveCfg = Release|Win32
	EndGlobalSection
	GlobalSection(SolutionProperties) = preSolution
		HideSolutionNode = FALSE
	EndGlobalSection
EndGlobal
