
Microsoft Visual Studio Solution File, Format Version 12.00
# Visual Studio Version 16
VisualStudioVersion = 16.0.29613.14
MinimumVisualStudioVersion = 10.0.40219.1
Project("{FAE04EC0-301F-11D3-BF4B-00C04F79EFBC}") = "Audimat", "Audimat\Audimat.csproj", "{D7CAB3D8-C56A-45EC-AA2E-C969FC42DED5}"
EndProject
Global
	GlobalSection(SolutionConfigurationPlatforms) = preSolution
		Debug|Mixed Platforms = Debug|Mixed Platforms
		Debug|Win32 = Debug|Win32
		Debug|x86 = Debug|x86
		Release|Mixed Platforms = Release|Mixed Platforms
		Release|Win32 = Release|Win32
		Release|x86 = Release|x86
	EndGlobalSection
	GlobalSection(ProjectConfigurationPlatforms) = postSolution
		{D7CAB3D8-C56A-45EC-AA2E-C969FC42DED5}.Debug|Mixed Platforms.ActiveCfg = Debug|x86
		{D7CAB3D8-C56A-45EC-AA2E-C969FC42DED5}.Debug|Mixed Platforms.Build.0 = Debug|x86
		{D7CAB3D8-C56A-45EC-AA2E-C969FC42DED5}.Debug|Win32.ActiveCfg = Debug|x86
		{D7CAB3D8-C56A-45EC-AA2E-C969FC42DED5}.Debug|x86.ActiveCfg = Debug|x86
		{D7CAB3D8-C56A-45EC-AA2E-C969FC42DED5}.Debug|x86.Build.0 = Debug|x86
		{D7CAB3D8-C56A-45EC-AA2E-C969FC42DED5}.Release|Mixed Platforms.ActiveCfg = Release|x86
		{D7CAB3D8-C56A-45EC-AA2E-C969FC42DED5}.Release|Mixed Platforms.Build.0 = Release|x86
		{D7CAB3D8-C56A-45EC-AA2E-C969FC42DED5}.Release|Win32.ActiveCfg = Release|x86
		{D7CAB3D8-C56A-45EC-AA2E-C969FC42DED5}.Release|x86.ActiveCfg = Release|x86
		{D7CAB3D8-C56A-45EC-AA2E-C969FC42DED5}.Release|x86.Build.0 = Release|x86
	EndGlobalSection
	GlobalSection(SolutionProperties) = preSolution
		HideSolutionNode = FALSE
	EndGlobalSection
	GlobalSection(ExtensibilityGlobals) = postSolution
		SolutionGuid = {3BF15B8F-1254-44B5-A5D6-3E621C782D4B}
	EndGlobalSection
EndGlobal
